{
    "_meta": {
        "hash": {
            "sha256": "2a6316ad2e30bef60d384c4067f821b803338e19c2ff4a2e5c19a1c541d2a165"
        },
        "pipfile-spec": 6,
        "requires": {
            "python_version": "3.6"
        },
        "sources": [
            {
                "name": "pypi",
                "url": "https://pypi.org/simple",
                "verify_ssl": true
            }
        ]
    },
    "default": {
        "certifi": {
            "hashes": [
                "sha256:4c1d68a1408dd090d2f3a869aa94c3947cc1d967821d1ed303208c9f41f0f2f4",
                "sha256:b6e8b28b2b7e771a41ecdd12d4d43262ecab52adebbafa42c77d6b57fb6ad3a4"
            ],
            "version": "==2018.8.13"
        },
        "chardet": {
            "hashes": [
                "sha256:84ab92ed1c4d4f16916e05906b6b75a6c0fb5db821cc65e70cbd64a3e2a5eaae",
                "sha256:fc323ffcaeaed0e0a02bf4d117757b98aed530d9ed4531e3e15460124c106691"
            ],
            "version": "==3.0.4"
        },
        "dlib": {
            "hashes": [
                "sha256:ad5e9e6276d1486b8ef7383229379d759f155f7d2c703e67e3d84682fb2a93c5"
            ],
            "index": "pypi",
            "version": "==19.15.0"
        },
        "docutils": {
            "hashes": [
                "sha256:02aec4bd92ab067f6ff27a38a38a41173bf01bed8f89157768c1573f53e474a6",
                "sha256:51e64ef2ebfb29cae1faa133b3710143496eca21c530f3f71424d77687764274",
                "sha256:7a4bd47eaf6596e1295ecb11361139febe29b084a87bf005bf899f9a42edc3c6"
            ],
            "index": "pypi",
            "version": "==0.14"
        },
        "idna": {
            "hashes": [
                "sha256:156a6814fb5ac1fc6850fb002e0852d56c0c8d2531923a51032d1b70760e186e",
                "sha256:684a38a6f903c1d71d6d5fac066b58d7768af4de2b832e426ec79c30daa94a16"
            ],
            "version": "==2.7"
        },
        "imutils": {
            "hashes": [
                "sha256:9172d4531368498e6b80c6ead5a08a78d5cdb0a159333f0170c6e8e799a7f056"
            ],
            "index": "pypi",
            "version": "==0.4.6"
        },
        "kivy": {
            "hashes": [
                "sha256:05985f3e16065a476293695cef39f0b8faa81353475692b8c60ca2530ba08175",
                "sha256:44a64f72182dd40aceef2041259359513dafeeecc0891d2d23056799d51babb0",
                "sha256:48a0d3edf8fbc9206ebb7abae8d7e2017c5d5f81cf6e76c2e5510193d607420e",
                "sha256:6bbeccc9c52a264fb53b7aaa344d865f054da09cc08e15b482754c2d4e3a5cfd",
                "sha256:7131a24e30b80f9b7b6e7a1c124f0b5002ef58de35856aff38762b216a4e77fb",
                "sha256:77cd45a1aee9061c7474020def1b7b31eb4665e5424c45c23a6a7e4f5afee6b9",
                "sha256:7ce9e88b75de47a3f1d52cbe6924c18cafc83fa102e54f6794d241746e93fdff",
                "sha256:8f912c0742c7f9582676106ae5a526c3f38bc01a196edd26186c74975b08fad0",
                "sha256:952d7483b4f29ebeabb612897cdfdcdd12c33f1bdb51fb0082d36dfcf543ec0b",
                "sha256:b0ec00fd3a6dbe56c31510151e8bb14f54390dbc31c5047d61aa90d069c5ec04",
                "sha256:c4ad43fb04c899be27baa5a6e382c79620fc3602213221cb97da2280f345b2d6",
                "sha256:cb6f052d69748a7db70970e5a8ee3d96506751fcfcc8bf979424fcd788473037",
                "sha256:d1113ee88eaff5127ecc05121570f1f2adec21d7f1699ef1c6c2bf4396e51578"
            ],
            "index": "pypi",
            "version": "==1.10.1"
        },
        "kivy-garden": {
            "hashes": [
                "sha256:c256f42788421273a08fbb0a228f0fb0e80dd86b629fb8c0920507f645be6c72"
            ],
            "version": "==0.1.4"
        },
        "kivy.deps.glew": {
            "hashes": [
                "sha256:747c5b3b20383f9a35d63f09f343b068f769ec8ff25912406d74baf97051a9ae",
                "sha256:793a4592ac992701c21b496575758ae7e628600eaddc43e636bdded6a60db050",
                "sha256:7efe41c01bf694b7237a8ae844f74bc842c60378c30e2db116ba134b8346bd29",
                "sha256:81ba172dd00e8f21b474b93b435f36f080f8f8465bc8bf1a6a2e04dc8c644de2",
                "sha256:b13daeb1dc96e209e356e97fac8cd13eb6b813c38f1548b49e1cf47134b3900c",
                "sha256:b42a0ac3e9dfcd8f678e943a48ebdefc56bb19964e9aff22b95bf2ea81c33279",
                "sha256:e61af501770ed4438b2a9325efb84205039314e1f11f4bc4ea642168ab6b6a3f",
                "sha256:e97c0c0e13bb1b1041674162cc772844fbb63978d6cb2d6887c54d675114a745"
            ],
            "index": "pypi",
            "version": "==0.1.10"
        },
        "kivy.deps.sdl2": {
            "hashes": [
                "sha256:03002adad9b5b9c8b84b1b0c917a7d7982dc45ed0221d46010ceea240652cce9",
                "sha256:0d921667351736ebeb18e79fc507ec455157082c5dc419fb008e5b21cf06e4b2",
                "sha256:1e35689b767539487f3379c8cbc2c53f8053545045a721f7c2afabf7ba4b2a9b",
                "sha256:30a6b1b97a1b098ae5dcc412c3a5f192653ab46030e45c80379c0ff64936bf3e",
                "sha256:7a3e26de653ac581be4ca17955c7aebb4ebae76d0e5797fe827f032da3ac707b",
                "sha256:df9449d01f06465e7adaca860cc0ae040399d73c0ba8c6c8a0b74225abee499d",
                "sha256:ec0f801d9837e76c749675ac6c1eec7a184fa7579cb15d4a2338319d78aa421d",
                "sha256:faf59cf521f0d4458231c9f84497a613467ac2cec2cb157a24d9abb332a7d4ba"
            ],
            "index": "pypi",
            "version": "==0.1.18"
        },
        "numpy": {
            "hashes": [
                "sha256:14fb76bde161c87dcec52d91c78f65aa8a23aa2e1530a71f412dabe03927d917",
                "sha256:21041014b7529237994a6b578701c585703fbb3b1bea356cdb12a5ea7804241c",
                "sha256:24f3bb9a5f6c3936a8ccd4ddfc1210d9511f4aeb879a12efd2e80bec647b8695",
                "sha256:34033b581bc01b1135ca2e3e93a94daea7c739f21a97a75cca93e29d9f0c8e71",
                "sha256:3fbccb399fe9095b1c1d7b41e7c7867db8aa0d2347fc44c87a7a180cedda112b",
                "sha256:50718eea8e77a1bedcc85befd22c8dbf5a24c9d2c0c1e36bbb8d7a38da847eb3",
                "sha256:55daf757e5f69aa75b4477cf4511bf1f96325c730e4ad32d954ccb593acd2585",
                "sha256:61efc65f325770bbe787f34e00607bc124f08e6c25fdf04723848585e81560dc",
                "sha256:62cb836506f40ce2529bfba9d09edc4b2687dd18c56cf4457e51c3e7145402fd",
                "sha256:64c6acf5175745fd1b7b7e17c74fdbfb7191af3b378bc54f44560279f41238d3",
                "sha256:674ea7917f0657ddb6976bd102ac341bc493d072c32a59b98e5b8c6eaa2d5ec0",
                "sha256:73a816e441dace289302e04a7a34ec4772ed234ab6885c968e3ca2fc2d06fe2d",
                "sha256:78c35dc7ad184aebf3714dbf43f054714c6e430e14b9c06c49a864fb9e262030",
                "sha256:7f17efe9605444fcbfd990ba9b03371552d65a3c259fc2d258c24fb95afdd728",
                "sha256:816645178f2180be257a576b735d3ae245b1982280b97ae819550ce8bcdf2b6b",
                "sha256:924f37e66db78464b4b85ed4b6d2e5cda0c0416e657cac7ccbef14b9fa2c40b5",
                "sha256:a17a8fd5df4fec5b56b4d11c9ba8b9ebfb883c90ec361628d07be00aaa4f009a",
                "sha256:aaa519335a71f87217ca8a680c3b66b61960e148407bdf5c209c42f50fe30f49",
                "sha256:ae3864816287d0e86ead580b69921daec568fe680857f07ee2a87bf7fd77ce24",
                "sha256:b5f8c15cb9173f6cdf0f994955e58d1265331029ae26296232379461a297e5f2",
                "sha256:c3ac359ace241707e5a48fe2922e566ac666aacacf4f8031f2994ac429c31344",
                "sha256:c7c660cc0209fdf29a4e50146ca9ac9d8664acaded6b6ae2f5d0ae2e91a0f0cd",
                "sha256:d690a2ff49f6c3bc35336693c9924fe5916be3cc0503fe1ea6c7e2bf951409ee",
                "sha256:e2317cf091c2e7f0dacdc2e72c693cc34403ca1f8e3807622d0bb653dc978616",
                "sha256:f28e73cf18d37a413f7d5de35d024e6b98f14566a10d82100f9dc491a7d449f9",
                "sha256:f2a778dd9bb3e4590dbe3bbac28e7c7134280c4ec97e3bf8678170ee58c67b21",
                "sha256:f5a758252502b466b9c2b201ea397dae5a914336c987f3a76c3741a82d43c96e",
                "sha256:fb4c33a404d9eff49a0cdc8ead0af6453f62f19e071b60d283f9dc05581e4134"
            ],
            "index": "pypi",
            "version": "==1.15.0"
        },
        "opencv-contrib-python": {
            "hashes": [
                "sha256:054bb5ae53e6454b418696484b85e4a9592fcb8e740f5746fee7d5c94f4e3716",
                "sha256:05992a5135568246972b3dae67603494a60dd26cfa87faa854c3f4b62eb6273b",
                "sha256:13106c845961e13f3d53c261c41242ed694b5fb0f248f772c458656d62521035",
                "sha256:137634928089b3307270bde1ec4925ca0cfd0c0d5737beb485ac6ee4ec45449f",
                "sha256:26448a406400debfa2b19a6b51128c3bd0216e34a6aa94e282cbfd80e3f4bd43",
                "sha256:26f2d25b53e1ba61f40237cf616bf428df81eae0fbedad254e63c0fec5f0dd46",
                "sha256:33e013c8bf48be5dd0bdef24e17a3cf8bcab98cbf268945b1504d3cb68b600c9",
                "sha256:3fe0e2a308aa9753f3901d353b46bb1f0f9673538941b6876c4b03a6413ba2dd",
                "sha256:486267cd8ecf5d6a60023037a6bcc8566425c69cd78567c63a56e33fb413870e",
                "sha256:563056be9cc634114939325605e5717b62701551d35ded9f4b0f0ec86efce8c7",
                "sha256:5b1ce0431203c43004812ca13a73996a42208a995c9d1dd9a5db13f85b5f11f3",
                "sha256:72c3998b618547bd293ef005d678282c62ec299062d4d9833d74b54d081bad8f",
                "sha256:7e87630c145f09fde406402b65b53dabb068fbb3fa9d9e50124941be50e1c0d5",
                "sha256:8674316f91dd2d7858e54bd2f275c0aab62de654db6b6a38407f6baa5b0fd3fd",
                "sha256:97ab81537ad8476afcc08553727e9d978778e8f45630486daed7d3f2eaece0f8",
                "sha256:a2ab772dd70aac54f9eed393df8581889940d4e33a3e18e33c1194ff5630bb58",
                "sha256:aa7155412de7733664f60627ffcc3f74cf6e2558615c5a32ebff60756c2bd5e6",
                "sha256:ac3eae3e10513548699d1c805a1cd03f92cb655ae33653af6c4809c9397f81f1",
                "sha256:bab52c36f477f46d11a807b11ca6133e7a8e797a7aba9d634a2c01c7a416d7a2",
                "sha256:cccb3a346fda03d6230b1f55ff251e9b17d9a3c90a337c5774089e37b9c418df",
                "sha256:eaf6b78214c9a2b3bb02384de60174aab3eba0f1cebca99787f9344e796e4f7e",
                "sha256:ee7e2135523aa8ce4e65453762aa6e6f9f13cebe5b0697d3c54e25798cb96e5f"
            ],
            "index": "pypi",
            "version": "==3.3.0.9"
        },
        "pygments": {
            "hashes": [
                "sha256:78f3f434bcc5d6ee09020f92ba487f95ba50f1e3ef83ae96b9d5ffa1bab25c5d",
                "sha256:dbae1046def0efb574852fab9e90209b23f556367b5a320c0bcb871c77c3e8cc"
            ],
            "index": "pypi",
            "version": "==2.2.0"
        },
        "pypiwin32": {
            "hashes": [
                "sha256:67adf399debc1d5d14dffc1ab5acacb800da569754fafdc576b2a039485aa775",
                "sha256:71be40c1fbd28594214ecaecb58e7aa8b708eabfa0125c8a109ebd51edbd776a"
            ],
            "index": "pypi",
            "version": "==223"
        },
        "pywin32": {
            "hashes": [
                "sha256:0df9b008caef10af0d674c483316c28dcf78391332d9d5d380fab667ebf2d7d1",
                "sha256:249391eb924b8376826e6f84d143d1dcc0e400b238b511d5fbd3811f6ed9ad50",
                "sha256:42f48567e36b787901ff3da20de5a134cd9880cc90832e2aad60951f058699f0",
                "sha256:9eff897796c9d76a213134257a01b6f8a122c55e0772847fba313a8091f3ec44",
                "sha256:c7ea0deabcc324e5b74084b5452003109c592d1aedbe9e9289ed55b26d9b0c7f",
                "sha256:da422d4067d98b49fbb19d851900a5fc38c61eab0ee803574c27c42309173ebe",
                "sha256:f0f0e7c82ee334dd6e888b9b5beb05fd8947355fa7a15644c810bb4ea0079ca6",
                "sha256:fb3c85907918fd01a72ee146d323d220771dee151c0cfa5630c2f35797ffb116"
            ],
            "version": "==223"
        },
        "requests": {
            "hashes": [
                "sha256:63b52e3c866428a224f97cab011de738c36aec0185aa91cfacd418b5d58911d1",
                "sha256:ec22d826a36ed72a7358ff3fe56cbd4ba69dd7a6718ffd450ff0e9df7a47ce6a"
            ],
            "version": "==2.19.1"
        },
        "urllib3": {
            "hashes": [
                "sha256:a68ac5e15e76e7e5dd2b8f94007233e01effe3e50e8daddf69acfd81cb686baf",
                "sha256:b5725a0bd4ba422ab0e66e89e030c806576753ea3ee08554382c14e685d117b5"
            ],
            "markers": "python_version != '3.1.*' and python_version != '3.0.*' and python_version != '3.2.*' and python_version < '4' and python_version >= '2.6' and python_version != '3.3.*'",
            "version": "==1.23"
        }
    },
    "develop": {}
}
